
Microsoft Visual Studio Solution File, Format Version 12.00
Project("{FAE04EC0-301F-11D3-BF4B-00C04F79EFBC}") = "RICWebSolution", "RICWebSolution.csproj", "{68C605BF-7E06-45A1-8DD5-DC63780C11ED}"
EndProject
Global
	GlobalSection(SolutionConfigurationPlatforms) = preSolution
		Debug|Any CPU = Debug|Any CPU
		Release|Any CPU = Release|Any CPU
	EndGlobalSection
	GlobalSection(ProjectConfigurationPlatforms) = postSolution
		{68C605BF-7E06-45A1-8DD5-DC63780C11ED}.Debug|Any CPU.ActiveCfg = Debug|Any CPU
		{68C605BF-7E06-45A1-8DD5-DC63780C11ED}.Debug|Any CPU.Build.0 = Debug|Any CPU
		{68C605BF-7E06-45A1-8DD5-DC63780C11ED}.Release|Any CPU.ActiveCfg = Release|Any CPU
		{68C605BF-7E06-45A1-8DD5-DC63780C11ED}.Release|Any CPU.Build.0 = Release|Any CPU
	EndGlobalSection
EndGlobal
